
Microsoft Visual Studio Solution File, Format Version 9.00
# Visual Studio 2005
Project("{FAE04EC0-301F-11D3-BF4B-00C04F79EFBC}") = "SimpleSignal", "SimpleSignal\SimpleSignal.csproj", "{F0FE1C42-C568-4834-B4FA-E94D34358610}"
EndProject
Project("{FAE04EC0-301F-11D3-BF4B-00C04F79EFBC}") = "SeveralGraphs", "SeveralGraphs\SeveralGraphs.csproj", "{E05A5AAB-E9DE-41C6-9118-745F8306A0A3}"
EndProject
Project("{FAE04EC0-301F-11D3-BF4B-00C04F79EFBC}") = "LimitAxis", "LimitAxis\LimitAxis.csproj", "{AF7CC055-DE85-42EE-94C5-211CD170FCD2}"
EndProject
Project("{FAE04EC0-301F-11D3-BF4B-00C04F79EFBC}") = "Scatter", "Scatter\Scatter.csproj", "{BBDCEC81-4715-41A6-84F9-C99EF98E1BDF}"
EndProject
Project("{FAE04EC0-301F-11D3-BF4B-00C04F79EFBC}") = "ZeroLine", "ZeroLine\ZeroLine.csproj", "{E36C5ED1-D5C9-4EFC-A3C2-541E9C81B6B1}"
EndProject
Project("{FAE04EC0-301F-11D3-BF4B-00C04F79EFBC}") = "VerticalGraph", "VerticalGraph\VerticalGraph.csproj", "{B9676C0C-DA4C-414A-894F-D363F4DD15E1}"
EndProject
Project("{FAE04EC0-301F-11D3-BF4B-00C04F79EFBC}") = "DrawLines", "DrawLines\DrawLines.csproj", "{85C61A37-426A-4BFF-8521-9DF0636546C3}"
EndProject
Project("{FAE04EC0-301F-11D3-BF4B-00C04F79EFBC}") = "MasterPane", "MasterPane\MasterPane.csproj", "{8EAC4081-5DA7-4903-9817-25847B3B0FAF}"
EndProject
Project("{FAE04EC0-301F-11D3-BF4B-00C04F79EFBC}") = "MasterPane2", "MasterPane2\MasterPane2.csproj", "{C722EB00-9E2B-41CE-A757-9BF4BE4DAEC8}"
EndProject
Project("{FAE04EC0-301F-11D3-BF4B-00C04F79EFBC}") = "Grid", "Grid\Grid.csproj", "{25A4F41C-9360-41B3-9580-37160B20CE60}"
EndProject
Project("{FAE04EC0-301F-11D3-BF4B-00C04F79EFBC}") = "RadarPoint", "RadarPoint\RadarPoint.csproj", "{D9C59BEE-FB44-4EC8-A764-5216D16532EE}"
EndProject
Project("{FAE04EC0-301F-11D3-BF4B-00C04F79EFBC}") = "QueueTime", "QueueTime\QueueTime.csproj", "{68B579F4-F0F1-46E8-868E-244550E8AB03}"
EndProject
Project("{FAE04EC0-301F-11D3-BF4B-00C04F79EFBC}") = "BarSimple", "BarSimple\BarSimple.csproj", "{93A18D4D-88EE-4CFB-8059-B38E4C643733}"
EndProject
Project("{FAE04EC0-301F-11D3-BF4B-00C04F79EFBC}") = "FontSize", "FontSize\FontSize.csproj", "{111F06CE-06E3-4908-AB29-F99B2F9E56D3}"
EndProject
Project("{FAE04EC0-301F-11D3-BF4B-00C04F79EFBC}") = "ResetScale", "ResetScale\ResetScale.csproj", "{0E156EB7-938D-4CB9-A295-9BC4C37613CE}"
EndProject
Project("{FAE04EC0-301F-11D3-BF4B-00C04F79EFBC}") = "DashLine", "DashLine\DashLine.csproj", "{6135916F-0DA7-4366-A694-2BF5A296C176}"
EndProject
Project("{FAE04EC0-301F-11D3-BF4B-00C04F79EFBC}") = "AddRemoveCurve", "AddRemoveCurve\AddRemoveCurve.csproj", "{7261C63F-67C0-4468-BD68-96B5B671E0B6}"
EndProject
Project("{FAE04EC0-301F-11D3-BF4B-00C04F79EFBC}") = "NoName", "NoName\NoName.csproj", "{9737691F-085C-417C-945E-FB502C53834C}"
EndProject
Project("{FAE04EC0-301F-11D3-BF4B-00C04F79EFBC}") = "NoName2", "NoName2\NoName2.csproj", "{C907D3D0-1C66-4A46-8988-442375E814FF}"
EndProject
Project("{FAE04EC0-301F-11D3-BF4B-00C04F79EFBC}") = "PointValues", "PointValues\PointValues.csproj", "{1A3077B5-D206-4473-A1CF-5E3809378C35}"
EndProject
Project("{FAE04EC0-301F-11D3-BF4B-00C04F79EFBC}") = "BarWidth", "BarWidth\BarWidth.csproj", "{19C4E77C-5090-4CEF-B991-7E47A80E1AA2}"
EndProject
Project("{FAE04EC0-301F-11D3-BF4B-00C04F79EFBC}") = "BarClusters", "BarClusters\BarClusters.csproj", "{946FFB28-35D2-49BC-8C39-59A1685D2214}"
EndProject
Project("{FAE04EC0-301F-11D3-BF4B-00C04F79EFBC}") = "ChangeCurves", "ChangeCurves\ChangeCurves.csproj", "{418D3A1E-4425-4EAF-8C1E-F10A60544A77}"
EndProject
Project("{FAE04EC0-301F-11D3-BF4B-00C04F79EFBC}") = "Magnitude", "Magnitude\Magnitude.csproj", "{958648E6-895F-4721-B1AD-14A8C0D69BF1}"
EndProject
Project("{FAE04EC0-301F-11D3-BF4B-00C04F79EFBC}") = "ClickCoordinates", "ClickCoordinates\ClickCoordinates.csproj", "{BF1077F7-9F04-47BB-8F9F-4E8C84AAF048}"
EndProject
Project("{FAE04EC0-301F-11D3-BF4B-00C04F79EFBC}") = "NearestPoint", "NearestPoint\NearestPoint.csproj", "{EB74B326-4E9E-41F5-989D-ECA2CFE3E132}"
EndProject
Project("{FAE04EC0-301F-11D3-BF4B-00C04F79EFBC}") = "ManyYAxis", "ManyYAxis\ManyYAxis.csproj", "{DCABC47C-235C-4F7E-9611-29322FE08221}"
EndProject
Project("{FAE04EC0-301F-11D3-BF4B-00C04F79EFBC}") = "GraphAlign", "GraphAlign\GraphAlign.csproj", "{6BBFE07F-ED0B-4F78-9370-59ECF41596F8}"
EndProject
Project("{FAE04EC0-301F-11D3-BF4B-00C04F79EFBC}") = "TextBackground", "TextBackground\TextBackground.csproj", "{681FDBCF-08E5-4C8E-AA39-25C284E805EB}"
EndProject
Project("{FAE04EC0-301F-11D3-BF4B-00C04F79EFBC}") = "ZoomLimit", "ZoomLimit\ZoomLimit.csproj", "{DDA59610-68B7-460F-8511-B2CAEE1014AD}"
EndProject
Project("{FAE04EC0-301F-11D3-BF4B-00C04F79EFBC}") = "DateAxis", "DateAxis\DateAxis.csproj", "{BB7A332F-70A3-4F5D-BB09-8EDC786265CB}"
EndProject
Project("{FAE04EC0-301F-11D3-BF4B-00C04F79EFBC}") = "LineBreak", "LineBreak\LineBreak.csproj", "{A8A31021-39CB-458C-994A-A24D44103A73}"
EndProject
Project("{FAE04EC0-301F-11D3-BF4B-00C04F79EFBC}") = "DateOrdinal", "DateOrdinal\DateOrdinal.csproj", "{06DD7237-F816-4A17-B5E4-9E677770F968}"
EndProject
Project("{FAE04EC0-301F-11D3-BF4B-00C04F79EFBC}") = "DateBar", "DateBar\DateBar.csproj", "{C3440FAC-30FA-4C2D-9E9A-2EAF7EB8FC05}"
EndProject
Project("{FAE04EC0-301F-11D3-BF4B-00C04F79EFBC}") = "AxisFormat", "AxisFormat\AxisFormat.csproj", "{2E8AA5CF-2DFD-41CF-83BF-215DE4FCDC28}"
EndProject
Project("{FAE04EC0-301F-11D3-BF4B-00C04F79EFBC}") = "ScaleFormat", "ScaleFormat\ScaleFormat.csproj", "{B1C364C6-8F82-42D1-A5E1-0C64CC63052E}"
EndProject
Project("{FAE04EC0-301F-11D3-BF4B-00C04F79EFBC}") = "AxisTicks", "AxisTicks\AxisTicks.csproj", "{CF578332-819A-458D-9EE6-2FF4CCD78119}"
EndProject
Project("{FAE04EC0-301F-11D3-BF4B-00C04F79EFBC}") = "FontScaled", "FontScaled\FontScaled.csproj", "{FBC544EE-4D57-4A01-9A25-71A2292409DA}"
EndProject
Project("{FAE04EC0-301F-11D3-BF4B-00C04F79EFBC}") = "FilteredList", "FilteredPointList\FilteredList.csproj", "{E08AECB5-9578-400C-844E-648F2C4255D8}"
EndProject
Project("{FAE04EC0-301F-11D3-BF4B-00C04F79EFBC}") = "Titles", "Titles\Titles.csproj", "{D09BE9A4-188B-40D6-85AA-880082BFE0D6}"
EndProject
Project("{FAE04EC0-301F-11D3-BF4B-00C04F79EFBC}") = "LogAxis", "LogAxis\LogAxis.csproj", "{826B95D3-32EE-4A66-A319-D59C6D190C05}"
EndProject
Project("{FAE04EC0-301F-11D3-BF4B-00C04F79EFBC}") = "BoundedRanges", "BoundedRanges\BoundedRanges.csproj", "{C9DD6197-80E9-43F7-99DE-468E6D5232F2}"
EndProject
Project("{FAE04EC0-301F-11D3-BF4B-00C04F79EFBC}") = "FontAngle", "FontAngle\FontAngle.csproj", "{9A4F63CD-C96B-4C58-84BA-590B663CD1CC}"
EndProject
Project("{FAE04EC0-301F-11D3-BF4B-00C04F79EFBC}") = "EditPoints", "EditPoints\EditPoints.csproj", "{6865A7E8-25C2-4212-8DD2-716573AD1476}"
EndProject
Project("{FAE04EC0-301F-11D3-BF4B-00C04F79EFBC}") = "Selection", "Selection\Selection.csproj", "{C3DF88BB-E9D8-4834-8642-FB86DEBA0FD6}"
EndProject
Project("{FAE04EC0-301F-11D3-BF4B-00C04F79EFBC}") = "AxisColor", "AxisColor\AxisColor.csproj", "{5CAA6C21-7E3A-46C1-B745-171C508C7594}"
EndProject
Project("{FAE04EC0-301F-11D3-BF4B-00C04F79EFBC}") = "CoordTypeChartFraction", "CoordTypeChartFraction\CoordTypeChartFraction.csproj", "{DD734841-9D74-4CF6-8E26-8F7CC4660218}"
EndProject
Project("{FAE04EC0-301F-11D3-BF4B-00C04F79EFBC}") = "SynchronizeAxes", "SynchronizeAxes\SynchronizeAxes.csproj", "{FD8E8807-3879-488C-A299-6AC394EAFEF4}"
EndProject
Project("{FAE04EC0-301F-11D3-BF4B-00C04F79EFBC}") = "BarOverlay", "BarOverlay\BarOverlay.csproj", "{76CAAAA2-8B13-4AF8-9F3A-52524D861416}"
EndProject
Project("{FAE04EC0-301F-11D3-BF4B-00C04F79EFBC}") = "BarHorizontal", "BarHorizontal\BarHorizontal.csproj", "{ACB99A61-E255-4024-8A4F-BB636171B21A}"
EndProject
Project("{FAE04EC0-301F-11D3-BF4B-00C04F79EFBC}") = "WindowsCoord", "WindowsCoord\WindowsCoord.csproj", "{3E10A6AC-9A4A-473B-B554-EC6FDAB71AE1}"
EndProject
Project("{FAE04EC0-301F-11D3-BF4B-00C04F79EFBC}") = "SaveBitmap", "SaveBitmap\SaveBitmap.csproj", "{17330AD4-AF06-43FD-AD43-D3C060001D10}"
EndProject
Project("{FAE04EC0-301F-11D3-BF4B-00C04F79EFBC}") = "ContextMenuBuilder", "ContextMenuBuilder\ContextMenuBuilder.csproj", "{85451339-D36D-4225-A037-CF0BE5AB4E9E}"
EndProject
Project("{FAE04EC0-301F-11D3-BF4B-00C04F79EFBC}") = "CursorChange", "CursorChange\CursorChange.csproj", "{7F852E2B-B88D-4D85-9423-11E0B7EE02D9}"
EndProject
Project("{FAE04EC0-301F-11D3-BF4B-00C04F79EFBC}") = "RollingPoint", "RollingPoint\RollingPoint.csproj", "{E28F9F7D-D848-40E7-87FE-AE96AD372EF0}"
EndProject
Project("{FAE04EC0-301F-11D3-BF4B-00C04F79EFBC}") = "BarView", "BarView\BarView.csproj", "{6577E7EC-7FCB-4E6E-B5B0-E7317CCD0D0E}"
EndProject
Project("{FAE04EC0-301F-11D3-BF4B-00C04F79EFBC}") = "AxisCross", "AxisCross\AxisCross.csproj", "{A2741D7D-93DC-40EA-92AF-015D7353EB93}"
EndProject
Project("{FAE04EC0-301F-11D3-BF4B-00C04F79EFBC}") = "LegendPosition", "LegendPosition\LegendPosition.csproj", "{FDED3BEC-76D9-4D9A-AEFE-8D20A7886B96}"
EndProject
Project("{FAE04EC0-301F-11D3-BF4B-00C04F79EFBC}") = "ErrorBar", "ErrorBar\ErrorBar.csproj", "{AA1A6FF8-E3CD-4FE9-845F-45936ACF3686}"
EndProject
Project("{FAE04EC0-301F-11D3-BF4B-00C04F79EFBC}") = "Fill", "Fill\Fill.csproj", "{5DFC38E3-A381-4D38-9D6D-7C285749F987}"
EndProject
Project("{FAE04EC0-301F-11D3-BF4B-00C04F79EFBC}") = "StackLine", "StackLine\StackLine.csproj", "{571DAB45-B337-43ED-AB19-4CD098433926}"
EndProject
Global
	GlobalSection(SolutionConfigurationPlatforms) = preSolution
		Debug|Any CPU = Debug|Any CPU
		Release|Any CPU = Release|Any CPU
	EndGlobalSection
	GlobalSection(ProjectConfigurationPlatforms) = postSolution
		{F0FE1C42-C568-4834-B4FA-E94D34358610}.Debug|Any CPU.ActiveCfg = Debug|Any CPU
		{F0FE1C42-C568-4834-B4FA-E94D34358610}.Debug|Any CPU.Build.0 = Debug|Any CPU
		{F0FE1C42-C568-4834-B4FA-E94D34358610}.Release|Any CPU.ActiveCfg = Release|Any CPU
		{F0FE1C42-C568-4834-B4FA-E94D34358610}.Release|Any CPU.Build.0 = Release|Any CPU
		{E05A5AAB-E9DE-41C6-9118-745F8306A0A3}.Debug|Any CPU.ActiveCfg = Debug|Any CPU
		{E05A5AAB-E9DE-41C6-9118-745F8306A0A3}.Debug|Any CPU.Build.0 = Debug|Any CPU
		{E05A5AAB-E9DE-41C6-9118-745F8306A0A3}.Release|Any CPU.ActiveCfg = Release|Any CPU
		{E05A5AAB-E9DE-41C6-9118-745F8306A0A3}.Release|Any CPU.Build.0 = Release|Any CPU
		{AF7CC055-DE85-42EE-94C5-211CD170FCD2}.Debug|Any CPU.ActiveCfg = Debug|Any CPU
		{AF7CC055-DE85-42EE-94C5-211CD170FCD2}.Debug|Any CPU.Build.0 = Debug|Any CPU
		{AF7CC055-DE85-42EE-94C5-211CD170FCD2}.Release|Any CPU.ActiveCfg = Release|Any CPU
		{AF7CC055-DE85-42EE-94C5-211CD170FCD2}.Release|Any CPU.Build.0 = Release|Any CPU
		{BBDCEC81-4715-41A6-84F9-C99EF98E1BDF}.Debug|Any CPU.ActiveCfg = Debug|Any CPU
		{BBDCEC81-4715-41A6-84F9-C99EF98E1BDF}.Debug|Any CPU.Build.0 = Debug|Any CPU
		{BBDCEC81-4715-41A6-84F9-C99EF98E1BDF}.Release|Any CPU.ActiveCfg = Release|Any CPU
		{BBDCEC81-4715-41A6-84F9-C99EF98E1BDF}.Release|Any CPU.Build.0 = Release|Any CPU
		{E36C5ED1-D5C9-4EFC-A3C2-541E9C81B6B1}.Debug|Any CPU.ActiveCfg = Debug|Any CPU
		{E36C5ED1-D5C9-4EFC-A3C2-541E9C81B6B1}.Debug|Any CPU.Build.0 = Debug|Any CPU
		{E36C5ED1-D5C9-4EFC-A3C2-541E9C81B6B1}.Release|Any CPU.ActiveCfg = Release|Any CPU
		{E36C5ED1-D5C9-4EFC-A3C2-541E9C81B6B1}.Release|Any CPU.Build.0 = Release|Any CPU
		{B9676C0C-DA4C-414A-894F-D363F4DD15E1}.Debug|Any CPU.ActiveCfg = Debug|Any CPU
		{B9676C0C-DA4C-414A-894F-D363F4DD15E1}.Debug|Any CPU.Build.0 = Debug|Any CPU
		{B9676C0C-DA4C-414A-894F-D363F4DD15E1}.Release|Any CPU.ActiveCfg = Release|Any CPU
		{B9676C0C-DA4C-414A-894F-D363F4DD15E1}.Release|Any CPU.Build.0 = Release|Any CPU
		{85C61A37-426A-4BFF-8521-9DF0636546C3}.Debug|Any CPU.ActiveCfg = Debug|Any CPU
		{85C61A37-426A-4BFF-8521-9DF0636546C3}.Debug|Any CPU.Build.0 = Debug|Any CPU
		{85C61A37-426A-4BFF-8521-9DF0636546C3}.Release|Any CPU.ActiveCfg = Release|Any CPU
		{85C61A37-426A-4BFF-8521-9DF0636546C3}.Release|Any CPU.Build.0 = Release|Any CPU
		{8EAC4081-5DA7-4903-9817-25847B3B0FAF}.Debug|Any CPU.ActiveCfg = Debug|Any CPU
		{8EAC4081-5DA7-4903-9817-25847B3B0FAF}.Debug|Any CPU.Build.0 = Debug|Any CPU
		{8EAC4081-5DA7-4903-9817-25847B3B0FAF}.Release|Any CPU.ActiveCfg = Release|Any CPU
		{8EAC4081-5DA7-4903-9817-25847B3B0FAF}.Release|Any CPU.Build.0 = Release|Any CPU
		{C722EB00-9E2B-41CE-A757-9BF4BE4DAEC8}.Debug|Any CPU.ActiveCfg = Debug|Any CPU
		{C722EB00-9E2B-41CE-A757-9BF4BE4DAEC8}.Debug|Any CPU.Build.0 = Debug|Any CPU
		{C722EB00-9E2B-41CE-A757-9BF4BE4DAEC8}.Release|Any CPU.ActiveCfg = Release|Any CPU
		{C722EB00-9E2B-41CE-A757-9BF4BE4DAEC8}.Release|Any CPU.Build.0 = Release|Any CPU
		{25A4F41C-9360-41B3-9580-37160B20CE60}.Debug|Any CPU.ActiveCfg = Debug|Any CPU
		{25A4F41C-9360-41B3-9580-37160B20CE60}.Debug|Any CPU.Build.0 = Debug|Any CPU
		{25A4F41C-9360-41B3-9580-37160B20CE60}.Release|Any CPU.ActiveCfg = Release|Any CPU
		{25A4F41C-9360-41B3-9580-37160B20CE60}.Release|Any CPU.Build.0 = Release|Any CPU
		{D9C59BEE-FB44-4EC8-A764-5216D16532EE}.Debug|Any CPU.ActiveCfg = Debug|Any CPU
		{D9C59BEE-FB44-4EC8-A764-5216D16532EE}.Debug|Any CPU.Build.0 = Debug|Any CPU
		{D9C59BEE-FB44-4EC8-A764-5216D16532EE}.Release|Any CPU.ActiveCfg = Release|Any CPU
		{D9C59BEE-FB44-4EC8-A764-5216D16532EE}.Release|Any CPU.Build.0 = Release|Any CPU
		{68B579F4-F0F1-46E8-868E-244550E8AB03}.Debug|Any CPU.ActiveCfg = Debug|Any CPU
		{68B579F4-F0F1-46E8-868E-244550E8AB03}.Debug|Any CPU.Build.0 = Debug|Any CPU
		{68B579F4-F0F1-46E8-868E-244550E8AB03}.Release|Any CPU.ActiveCfg = Release|Any CPU
		{68B579F4-F0F1-46E8-868E-244550E8AB03}.Release|Any CPU.Build.0 = Release|Any CPU
		{93A18D4D-88EE-4CFB-8059-B38E4C643733}.Debug|Any CPU.ActiveCfg = Debug|Any CPU
		{93A18D4D-88EE-4CFB-8059-B38E4C643733}.Debug|Any CPU.Build.0 = Debug|Any CPU
		{93A18D4D-88EE-4CFB-8059-B38E4C643733}.Release|Any CPU.ActiveCfg = Release|Any CPU
		{93A18D4D-88EE-4CFB-8059-B38E4C643733}.Release|Any CPU.Build.0 = Release|Any CPU
		{111F06CE-06E3-4908-AB29-F99B2F9E56D3}.Debug|Any CPU.ActiveCfg = Debug|Any CPU
		{111F06CE-06E3-4908-AB29-F99B2F9E56D3}.Debug|Any CPU.Build.0 = Debug|Any CPU
		{111F06CE-06E3-4908-AB29-F99B2F9E56D3}.Release|Any CPU.ActiveCfg = Release|Any CPU
		{111F06CE-06E3-4908-AB29-F99B2F9E56D3}.Release|Any CPU.Build.0 = Release|Any CPU
		{0E156EB7-938D-4CB9-A295-9BC4C37613CE}.Debug|Any CPU.ActiveCfg = Debug|Any CPU
		{0E156EB7-938D-4CB9-A295-9BC4C37613CE}.Debug|Any CPU.Build.0 = Debug|Any CPU
		{0E156EB7-938D-4CB9-A295-9BC4C37613CE}.Release|Any CPU.ActiveCfg = Release|Any CPU
		{0E156EB7-938D-4CB9-A295-9BC4C37613CE}.Release|Any CPU.Build.0 = Release|Any CPU
		{6135916F-0DA7-4366-A694-2BF5A296C176}.Debug|Any CPU.ActiveCfg = Debug|Any CPU
		{6135916F-0DA7-4366-A694-2BF5A296C176}.Debug|Any CPU.Build.0 = Debug|Any CPU
		{6135916F-0DA7-4366-A694-2BF5A296C176}.Release|Any CPU.ActiveCfg = Release|Any CPU
		{6135916F-0DA7-4366-A694-2BF5A296C176}.Release|Any CPU.Build.0 = Release|Any CPU
		{7261C63F-67C0-4468-BD68-96B5B671E0B6}.Debug|Any CPU.ActiveCfg = Debug|Any CPU
		{7261C63F-67C0-4468-BD68-96B5B671E0B6}.Debug|Any CPU.Build.0 = Debug|Any CPU
		{7261C63F-67C0-4468-BD68-96B5B671E0B6}.Release|Any CPU.ActiveCfg = Release|Any CPU
		{7261C63F-67C0-4468-BD68-96B5B671E0B6}.Release|Any CPU.Build.0 = Release|Any CPU
		{9737691F-085C-417C-945E-FB502C53834C}.Debug|Any CPU.ActiveCfg = Debug|Any CPU
		{9737691F-085C-417C-945E-FB502C53834C}.Debug|Any CPU.Build.0 = Debug|Any CPU
		{9737691F-085C-417C-945E-FB502C53834C}.Release|Any CPU.ActiveCfg = Release|Any CPU
		{9737691F-085C-417C-945E-FB502C53834C}.Release|Any CPU.Build.0 = Release|Any CPU
		{C907D3D0-1C66-4A46-8988-442375E814FF}.Debug|Any CPU.ActiveCfg = Debug|Any CPU
		{C907D3D0-1C66-4A46-8988-442375E814FF}.Debug|Any CPU.Build.0 = Debug|Any CPU
		{C907D3D0-1C66-4A46-8988-442375E814FF}.Release|Any CPU.ActiveCfg = Release|Any CPU
		{C907D3D0-1C66-4A46-8988-442375E814FF}.Release|Any CPU.Build.0 = Release|Any CPU
		{1A3077B5-D206-4473-A1CF-5E3809378C35}.Debug|Any CPU.ActiveCfg = Debug|Any CPU
		{1A3077B5-D206-4473-A1CF-5E3809378C35}.Debug|Any CPU.Build.0 = Debug|Any CPU
		{1A3077B5-D206-4473-A1CF-5E3809378C35}.Release|Any CPU.ActiveCfg = Release|Any CPU
		{1A3077B5-D206-4473-A1CF-5E3809378C35}.Release|Any CPU.Build.0 = Release|Any CPU
		{19C4E77C-5090-4CEF-B991-7E47A80E1AA2}.Debug|Any CPU.ActiveCfg = Debug|Any CPU
		{19C4E77C-5090-4CEF-B991-7E47A80E1AA2}.Debug|Any CPU.Build.0 = Debug|Any CPU
		{19C4E77C-5090-4CEF-B991-7E47A80E1AA2}.Release|Any CPU.ActiveCfg = Release|Any CPU
		{19C4E77C-5090-4CEF-B991-7E47A80E1AA2}.Release|Any CPU.Build.0 = Release|Any CPU
		{946FFB28-35D2-49BC-8C39-59A1685D2214}.Debug|Any CPU.ActiveCfg = Debug|Any CPU
		{946FFB28-35D2-49BC-8C39-59A1685D2214}.Debug|Any CPU.Build.0 = Debug|Any CPU
		{946FFB28-35D2-49BC-8C39-59A1685D2214}.Release|Any CPU.ActiveCfg = Release|Any CPU
		{946FFB28-35D2-49BC-8C39-59A1685D2214}.Release|Any CPU.Build.0 = Release|Any CPU
		{418D3A1E-4425-4EAF-8C1E-F10A60544A77}.Debug|Any CPU.ActiveCfg = Debug|Any CPU
		{418D3A1E-4425-4EAF-8C1E-F10A60544A77}.Debug|Any CPU.Build.0 = Debug|Any CPU
		{418D3A1E-4425-4EAF-8C1E-F10A60544A77}.Release|Any CPU.ActiveCfg = Release|Any CPU
		{418D3A1E-4425-4EAF-8C1E-F10A60544A77}.Release|Any CPU.Build.0 = Release|Any CPU
		{958648E6-895F-4721-B1AD-14A8C0D69BF1}.Debug|Any CPU.ActiveCfg = Debug|Any CPU
		{958648E6-895F-4721-B1AD-14A8C0D69BF1}.Debug|Any CPU.Build.0 = Debug|Any CPU
		{958648E6-895F-4721-B1AD-14A8C0D69BF1}.Release|Any CPU.ActiveCfg = Release|Any CPU
		{958648E6-895F-4721-B1AD-14A8C0D69BF1}.Release|Any CPU.Build.0 = Release|Any CPU
		{BF1077F7-9F04-47BB-8F9F-4E8C84AAF048}.Debug|Any CPU.ActiveCfg = Debug|Any CPU
		{BF1077F7-9F04-47BB-8F9F-4E8C84AAF048}.Debug|Any CPU.Build.0 = Debug|Any CPU
		{BF1077F7-9F04-47BB-8F9F-4E8C84AAF048}.Release|Any CPU.ActiveCfg = Release|Any CPU
		{BF1077F7-9F04-47BB-8F9F-4E8C84AAF048}.Release|Any CPU.Build.0 = Release|Any CPU
		{EB74B326-4E9E-41F5-989D-ECA2CFE3E132}.Debug|Any CPU.ActiveCfg = Debug|Any CPU
		{EB74B326-4E9E-41F5-989D-ECA2CFE3E132}.Debug|Any CPU.Build.0 = Debug|Any CPU
		{EB74B326-4E9E-41F5-989D-ECA2CFE3E132}.Release|Any CPU.ActiveCfg = Release|Any CPU
		{EB74B326-4E9E-41F5-989D-ECA2CFE3E132}.Release|Any CPU.Build.0 = Release|Any CPU
		{DCABC47C-235C-4F7E-9611-29322FE08221}.Debug|Any CPU.ActiveCfg = Debug|Any CPU
		{DCABC47C-235C-4F7E-9611-29322FE08221}.Debug|Any CPU.Build.0 = Debug|Any CPU
		{DCABC47C-235C-4F7E-9611-29322FE08221}.Release|Any CPU.ActiveCfg = Release|Any CPU
		{DCABC47C-235C-4F7E-9611-29322FE08221}.Release|Any CPU.Build.0 = Release|Any CPU
		{6BBFE07F-ED0B-4F78-9370-59ECF41596F8}.Debug|Any CPU.ActiveCfg = Debug|Any CPU
		{6BBFE07F-ED0B-4F78-9370-59ECF41596F8}.Debug|Any CPU.Build.0 = Debug|Any CPU
		{6BBFE07F-ED0B-4F78-9370-59ECF41596F8}.Release|Any CPU.ActiveCfg = Release|Any CPU
		{6BBFE07F-ED0B-4F78-9370-59ECF41596F8}.Release|Any CPU.Build.0 = Release|Any CPU
		{681FDBCF-08E5-4C8E-AA39-25C284E805EB}.Debug|Any CPU.ActiveCfg = Debug|Any CPU
		{681FDBCF-08E5-4C8E-AA39-25C284E805EB}.Debug|Any CPU.Build.0 = Debug|Any CPU
		{681FDBCF-08E5-4C8E-AA39-25C284E805EB}.Release|Any CPU.ActiveCfg = Release|Any CPU
		{681FDBCF-08E5-4C8E-AA39-25C284E805EB}.Release|Any CPU.Build.0 = Release|Any CPU
		{DDA59610-68B7-460F-8511-B2CAEE1014AD}.Debug|Any CPU.ActiveCfg = Debug|Any CPU
		{DDA59610-68B7-460F-8511-B2CAEE1014AD}.Debug|Any CPU.Build.0 = Debug|Any CPU
		{DDA59610-68B7-460F-8511-B2CAEE1014AD}.Release|Any CPU.ActiveCfg = Release|Any CPU
		{DDA59610-68B7-460F-8511-B2CAEE1014AD}.Release|Any CPU.Build.0 = Release|Any CPU
		{BB7A332F-70A3-4F5D-BB09-8EDC786265CB}.Debug|Any CPU.ActiveCfg = Debug|Any CPU
		{BB7A332F-70A3-4F5D-BB09-8EDC786265CB}.Debug|Any CPU.Build.0 = Debug|Any CPU
		{BB7A332F-70A3-4F5D-BB09-8EDC786265CB}.Release|Any CPU.ActiveCfg = Release|Any CPU
		{BB7A332F-70A3-4F5D-BB09-8EDC786265CB}.Release|Any CPU.Build.0 = Release|Any CPU
		{A8A31021-39CB-458C-994A-A24D44103A73}.Debug|Any CPU.ActiveCfg = Debug|Any CPU
		{A8A31021-39CB-458C-994A-A24D44103A73}.Debug|Any CPU.Build.0 = Debug|Any CPU
		{A8A31021-39CB-458C-994A-A24D44103A73}.Release|Any CPU.ActiveCfg = Release|Any CPU
		{A8A31021-39CB-458C-994A-A24D44103A73}.Release|Any CPU.Build.0 = Release|Any CPU
		{06DD7237-F816-4A17-B5E4-9E677770F968}.Debug|Any CPU.ActiveCfg = Debug|Any CPU
		{06DD7237-F816-4A17-B5E4-9E677770F968}.Debug|Any CPU.Build.0 = Debug|Any CPU
		{06DD7237-F816-4A17-B5E4-9E677770F968}.Release|Any CPU.ActiveCfg = Release|Any CPU
		{06DD7237-F816-4A17-B5E4-9E677770F968}.Release|Any CPU.Build.0 = Release|Any CPU
		{C3440FAC-30FA-4C2D-9E9A-2EAF7EB8FC05}.Debug|Any CPU.ActiveCfg = Debug|Any CPU
		{C3440FAC-30FA-4C2D-9E9A-2EAF7EB8FC05}.Debug|Any CPU.Build.0 = Debug|Any CPU
		{C3440FAC-30FA-4C2D-9E9A-2EAF7EB8FC05}.Release|Any CPU.ActiveCfg = Release|Any CPU
		{C3440FAC-30FA-4C2D-9E9A-2EAF7EB8FC05}.Release|Any CPU.Build.0 = Release|Any CPU
		{2E8AA5CF-2DFD-41CF-83BF-215DE4FCDC28}.Debug|Any CPU.ActiveCfg = Debug|Any CPU
		{2E8AA5CF-2DFD-41CF-83BF-215DE4FCDC28}.Debug|Any CPU.Build.0 = Debug|Any CPU
		{2E8AA5CF-2DFD-41CF-83BF-215DE4FCDC28}.Release|Any CPU.ActiveCfg = Release|Any CPU
		{2E8AA5CF-2DFD-41CF-83BF-215DE4FCDC28}.Release|Any CPU.Build.0 = Release|Any CPU
		{B1C364C6-8F82-42D1-A5E1-0C64CC63052E}.Debug|Any CPU.ActiveCfg = Debug|Any CPU
		{B1C364C6-8F82-42D1-A5E1-0C64CC63052E}.Debug|Any CPU.Build.0 = Debug|Any CPU
		{B1C364C6-8F82-42D1-A5E1-0C64CC63052E}.Release|Any CPU.ActiveCfg = Release|Any CPU
		{B1C364C6-8F82-42D1-A5E1-0C64CC63052E}.Release|Any CPU.Build.0 = Release|Any CPU
		{CF578332-819A-458D-9EE6-2FF4CCD78119}.Debug|Any CPU.ActiveCfg = Debug|Any CPU
		{CF578332-819A-458D-9EE6-2FF4CCD78119}.Debug|Any CPU.Build.0 = Debug|Any CPU
		{CF578332-819A-458D-9EE6-2FF4CCD78119}.Release|Any CPU.ActiveCfg = Release|Any CPU
		{CF578332-819A-458D-9EE6-2FF4CCD78119}.Release|Any CPU.Build.0 = Release|Any CPU
		{FBC544EE-4D57-4A01-9A25-71A2292409DA}.Debug|Any CPU.ActiveCfg = Debug|Any CPU
		{FBC544EE-4D57-4A01-9A25-71A2292409DA}.Debug|Any CPU.Build.0 = Debug|Any CPU
		{FBC544EE-4D57-4A01-9A25-71A2292409DA}.Release|Any CPU.ActiveCfg = Release|Any CPU
		{FBC544EE-4D57-4A01-9A25-71A2292409DA}.Release|Any CPU.Build.0 = Release|Any CPU
		{E08AECB5-9578-400C-844E-648F2C4255D8}.Debug|Any CPU.ActiveCfg = Debug|Any CPU
		{E08AECB5-9578-400C-844E-648F2C4255D8}.Debug|Any CPU.Build.0 = Debug|Any CPU
		{E08AECB5-9578-400C-844E-648F2C4255D8}.Release|Any CPU.ActiveCfg = Release|Any CPU
		{E08AECB5-9578-400C-844E-648F2C4255D8}.Release|Any CPU.Build.0 = Release|Any CPU
		{D09BE9A4-188B-40D6-85AA-880082BFE0D6}.Debug|Any CPU.ActiveCfg = Debug|Any CPU
		{D09BE9A4-188B-40D6-85AA-880082BFE0D6}.Debug|Any CPU.Build.0 = Debug|Any CPU
		{D09BE9A4-188B-40D6-85AA-880082BFE0D6}.Release|Any CPU.ActiveCfg = Release|Any CPU
		{D09BE9A4-188B-40D6-85AA-880082BFE0D6}.Release|Any CPU.Build.0 = Release|Any CPU
		{826B95D3-32EE-4A66-A319-D59C6D190C05}.Debug|Any CPU.ActiveCfg = Debug|Any CPU
		{826B95D3-32EE-4A66-A319-D59C6D190C05}.Debug|Any CPU.Build.0 = Debug|Any CPU
		{826B95D3-32EE-4A66-A319-D59C6D190C05}.Release|Any CPU.ActiveCfg = Release|Any CPU
		{826B95D3-32EE-4A66-A319-D59C6D190C05}.Release|Any CPU.Build.0 = Release|Any CPU
		{C9DD6197-80E9-43F7-99DE-468E6D5232F2}.Debug|Any CPU.ActiveCfg = Debug|Any CPU
		{C9DD6197-80E9-43F7-99DE-468E6D5232F2}.Debug|Any CPU.Build.0 = Debug|Any CPU
		{C9DD6197-80E9-43F7-99DE-468E6D5232F2}.Release|Any CPU.ActiveCfg = Release|Any CPU
		{C9DD6197-80E9-43F7-99DE-468E6D5232F2}.Release|Any CPU.Build.0 = Release|Any CPU
		{9A4F63CD-C96B-4C58-84BA-590B663CD1CC}.Debug|Any CPU.ActiveCfg = Debug|Any CPU
		{9A4F63CD-C96B-4C58-84BA-590B663CD1CC}.Debug|Any CPU.Build.0 = Debug|Any CPU
		{9A4F63CD-C96B-4C58-84BA-590B663CD1CC}.Release|Any CPU.ActiveCfg = Release|Any CPU
		{9A4F63CD-C96B-4C58-84BA-590B663CD1CC}.Release|Any CPU.Build.0 = Release|Any CPU
		{6865A7E8-25C2-4212-8DD2-716573AD1476}.Debug|Any CPU.ActiveCfg = Debug|Any CPU
		{6865A7E8-25C2-4212-8DD2-716573AD1476}.Debug|Any CPU.Build.0 = Debug|Any CPU
		{6865A7E8-25C2-4212-8DD2-716573AD1476}.Release|Any CPU.ActiveCfg = Release|Any CPU
		{6865A7E8-25C2-4212-8DD2-716573AD1476}.Release|Any CPU.Build.0 = Release|Any CPU
		{C3DF88BB-E9D8-4834-8642-FB86DEBA0FD6}.Debug|Any CPU.ActiveCfg = Debug|Any CPU
		{C3DF88BB-E9D8-4834-8642-FB86DEBA0FD6}.Debug|Any CPU.Build.0 = Debug|Any CPU
		{C3DF88BB-E9D8-4834-8642-FB86DEBA0FD6}.Release|Any CPU.ActiveCfg = Release|Any CPU
		{C3DF88BB-E9D8-4834-8642-FB86DEBA0FD6}.Release|Any CPU.Build.0 = Release|Any CPU
		{5CAA6C21-7E3A-46C1-B745-171C508C7594}.Debug|Any CPU.ActiveCfg = Debug|Any CPU
		{5CAA6C21-7E3A-46C1-B745-171C508C7594}.Debug|Any CPU.Build.0 = Debug|Any CPU
		{5CAA6C21-7E3A-46C1-B745-171C508C7594}.Release|Any CPU.ActiveCfg = Release|Any CPU
		{5CAA6C21-7E3A-46C1-B745-171C508C7594}.Release|Any CPU.Build.0 = Release|Any CPU
		{DD734841-9D74-4CF6-8E26-8F7CC4660218}.Debug|Any CPU.ActiveCfg = Debug|Any CPU
		{DD734841-9D74-4CF6-8E26-8F7CC4660218}.Debug|Any CPU.Build.0 = Debug|Any CPU
		{DD734841-9D74-4CF6-8E26-8F7CC4660218}.Release|Any CPU.ActiveCfg = Release|Any CPU
		{DD734841-9D74-4CF6-8E26-8F7CC4660218}.Release|Any CPU.Build.0 = Release|Any CPU
		{FD8E8807-3879-488C-A299-6AC394EAFEF4}.Debug|Any CPU.ActiveCfg = Debug|Any CPU
		{FD8E8807-3879-488C-A299-6AC394EAFEF4}.Debug|Any CPU.Build.0 = Debug|Any CPU
		{FD8E8807-3879-488C-A299-6AC394EAFEF4}.Release|Any CPU.ActiveCfg = Release|Any CPU
		{FD8E8807-3879-488C-A299-6AC394EAFEF4}.Release|Any CPU.Build.0 = Release|Any CPU
		{76CAAAA2-8B13-4AF8-9F3A-52524D861416}.Debug|Any CPU.ActiveCfg = Debug|Any CPU
		{76CAAAA2-8B13-4AF8-9F3A-52524D861416}.Debug|Any CPU.Build.0 = Debug|Any CPU
		{76CAAAA2-8B13-4AF8-9F3A-52524D861416}.Release|Any CPU.ActiveCfg = Release|Any CPU
		{76CAAAA2-8B13-4AF8-9F3A-52524D861416}.Release|Any CPU.Build.0 = Release|Any CPU
		{ACB99A61-E255-4024-8A4F-BB636171B21A}.Debug|Any CPU.ActiveCfg = Debug|Any CPU
		{ACB99A61-E255-4024-8A4F-BB636171B21A}.Debug|Any CPU.Build.0 = Debug|Any CPU
		{ACB99A61-E255-4024-8A4F-BB636171B21A}.Release|Any CPU.ActiveCfg = Release|Any CPU
		{ACB99A61-E255-4024-8A4F-BB636171B21A}.Release|Any CPU.Build.0 = Release|Any CPU
		{3E10A6AC-9A4A-473B-B554-EC6FDAB71AE1}.Debug|Any CPU.ActiveCfg = Debug|Any CPU
		{3E10A6AC-9A4A-473B-B554-EC6FDAB71AE1}.Debug|Any CPU.Build.0 = Debug|Any CPU
		{3E10A6AC-9A4A-473B-B554-EC6FDAB71AE1}.Release|Any CPU.ActiveCfg = Release|Any CPU
		{3E10A6AC-9A4A-473B-B554-EC6FDAB71AE1}.Release|Any CPU.Build.0 = Release|Any CPU
		{17330AD4-AF06-43FD-AD43-D3C060001D10}.Debug|Any CPU.ActiveCfg = Debug|Any CPU
		{17330AD4-AF06-43FD-AD43-D3C060001D10}.Debug|Any CPU.Build.0 = Debug|Any CPU
		{17330AD4-AF06-43FD-AD43-D3C060001D10}.Release|Any CPU.ActiveCfg = Release|Any CPU
		{17330AD4-AF06-43FD-AD43-D3C060001D10}.Release|Any CPU.Build.0 = Release|Any CPU
		{85451339-D36D-4225-A037-CF0BE5AB4E9E}.Debug|Any CPU.ActiveCfg = Debug|Any CPU
		{85451339-D36D-4225-A037-CF0BE5AB4E9E}.Debug|Any CPU.Build.0 = Debug|Any CPU
		{85451339-D36D-4225-A037-CF0BE5AB4E9E}.Release|Any CPU.ActiveCfg = Release|Any CPU
		{85451339-D36D-4225-A037-CF0BE5AB4E9E}.Release|Any CPU.Build.0 = Release|Any CPU
		{7F852E2B-B88D-4D85-9423-11E0B7EE02D9}.Debug|Any CPU.ActiveCfg = Debug|Any CPU
		{7F852E2B-B88D-4D85-9423-11E0B7EE02D9}.Debug|Any CPU.Build.0 = Debug|Any CPU
		{7F852E2B-B88D-4D85-9423-11E0B7EE02D9}.Release|Any CPU.ActiveCfg = Release|Any CPU
		{7F852E2B-B88D-4D85-9423-11E0B7EE02D9}.Release|Any CPU.Build.0 = Release|Any CPU
		{E28F9F7D-D848-40E7-87FE-AE96AD372EF0}.Debug|Any CPU.ActiveCfg = Debug|Any CPU
		{E28F9F7D-D848-40E7-87FE-AE96AD372EF0}.Debug|Any CPU.Build.0 = Debug|Any CPU
		{E28F9F7D-D848-40E7-87FE-AE96AD372EF0}.Release|Any CPU.ActiveCfg = Release|Any CPU
		{E28F9F7D-D848-40E7-87FE-AE96AD372EF0}.Release|Any CPU.Build.0 = Release|Any CPU
		{6577E7EC-7FCB-4E6E-B5B0-E7317CCD0D0E}.Debug|Any CPU.ActiveCfg = Debug|Any CPU
		{6577E7EC-7FCB-4E6E-B5B0-E7317CCD0D0E}.Debug|Any CPU.Build.0 = Debug|Any CPU
		{6577E7EC-7FCB-4E6E-B5B0-E7317CCD0D0E}.Release|Any CPU.ActiveCfg = Release|Any CPU
		{6577E7EC-7FCB-4E6E-B5B0-E7317CCD0D0E}.Release|Any CPU.Build.0 = Release|Any CPU
		{A2741D7D-93DC-40EA-92AF-015D7353EB93}.Debug|Any CPU.ActiveCfg = Debug|Any CPU
		{A2741D7D-93DC-40EA-92AF-015D7353EB93}.Debug|Any CPU.Build.0 = Debug|Any CPU
		{A2741D7D-93DC-40EA-92AF-015D7353EB93}.Release|Any CPU.ActiveCfg = Release|Any CPU
		{A2741D7D-93DC-40EA-92AF-015D7353EB93}.Release|Any CPU.Build.0 = Release|Any CPU
		{FDED3BEC-76D9-4D9A-AEFE-8D20A7886B96}.Debug|Any CPU.ActiveCfg = Debug|Any CPU
		{FDED3BEC-76D9-4D9A-AEFE-8D20A7886B96}.Debug|Any CPU.Build.0 = Debug|Any CPU
		{FDED3BEC-76D9-4D9A-AEFE-8D20A7886B96}.Release|Any CPU.ActiveCfg = Release|Any CPU
		{FDED3BEC-76D9-4D9A-AEFE-8D20A7886B96}.Release|Any CPU.Build.0 = Release|Any CPU
		{AA1A6FF8-E3CD-4FE9-845F-45936ACF3686}.Debug|Any CPU.ActiveCfg = Debug|Any CPU
		{AA1A6FF8-E3CD-4FE9-845F-45936ACF3686}.Debug|Any CPU.Build.0 = Debug|Any CPU
		{AA1A6FF8-E3CD-4FE9-845F-45936ACF3686}.Release|Any CPU.ActiveCfg = Release|Any CPU
		{AA1A6FF8-E3CD-4FE9-845F-45936ACF3686}.Release|Any CPU.Build.0 = Release|Any CPU
		{5DFC38E3-A381-4D38-9D6D-7C285749F987}.Debug|Any CPU.ActiveCfg = Debug|Any CPU
		{5DFC38E3-A381-4D38-9D6D-7C285749F987}.Debug|Any CPU.Build.0 = Debug|Any CPU
		{5DFC38E3-A381-4D38-9D6D-7C285749F987}.Release|Any CPU.ActiveCfg = Release|Any CPU
		{5DFC38E3-A381-4D38-9D6D-7C285749F987}.Release|Any CPU.Build.0 = Release|Any CPU
		{571DAB45-B337-43ED-AB19-4CD098433926}.Debug|Any CPU.ActiveCfg = Debug|Any CPU
		{571DAB45-B337-43ED-AB19-4CD098433926}.Debug|Any CPU.Build.0 = Debug|Any CPU
		{571DAB45-B337-43ED-AB19-4CD098433926}.Release|Any CPU.ActiveCfg = Release|Any CPU
		{571DAB45-B337-43ED-AB19-4CD098433926}.Release|Any CPU.Build.0 = Release|Any CPU
	EndGlobalSection
	GlobalSection(SolutionProperties) = preSolution
		HideSolutionNode = FALSE
	EndGlobalSection
EndGlobal
